// !$*UTF8*$!
{
	archiveVersion = 1;
	classes = {
	};
	objectVersion = 46;
	objects = {

/* Begin PBXBuildFile section */
		C8EB65201AD5BFF100C55373 /* AppDelegate.swift in Sources */ = {isa = PBXBuildFile; fileRef = C8EB651F1AD5BFF100C55373 /* AppDelegate.swift */; };
		C8EB65221AD5BFF100C55373 /* QuotesListViewController.swift in Sources */ = {isa = PBXBuildFile; fileRef = C8EB65211AD5BFF100C55373 /* QuotesListViewController.swift */; };
		C8EB65241AD5BFF100C55373 /* DetailViewController.swift in Sources */ = {isa = PBXBuildFile; fileRef = C8EB65231AD5BFF100C55373 /* DetailViewController.swift */; };
		C8EB65271AD5BFF100C55373 /* Main.storyboard in Resources */ = {isa = PBXBuildFile; fileRef = C8EB65251AD5BFF100C55373 /* Main.storyboard */; };
		C8EB65291AD5BFF100C55373 /* Images.xcassets in Resources */ = {isa = PBXBuildFile; fileRef = C8EB65281AD5BFF100C55373 /* Images.xcassets */; };
		C8EB652C1AD5BFF100C55373 /* LaunchScreen.xib in Resources */ = {isa = PBXBuildFile; fileRef = C8EB652A1AD5BFF100C55373 /* LaunchScreen.xib */; };
		C8EB65381AD5BFF100C55373 /* StarWarsDemoTests.swift in Sources */ = {isa = PBXBuildFile; fileRef = C8EB65371AD5BFF100C55373 /* StarWarsDemoTests.swift */; };
		C8EB65421AD5C38300C55373 /* QuotesDataSource.swift in Sources */ = {isa = PBXBuildFile; fileRef = C8EB65411AD5C38300C55373 /* QuotesDataSource.swift */; };
/* End PBXBuildFile section */

/* Begin PBXContainerItemProxy section */
		C8EB65321AD5BFF100C55373 /* PBXContainerItemProxy */ = {
			isa = PBXContainerItemProxy;
			containerPortal = C8EB65121AD5BFF100C55373 /* Project object */;
			proxyType = 1;
			remoteGlobalIDString = C8EB65191AD5BFF100C55373;
			remoteInfo = StarWarsDemo;
		};
/* End PBXContainerItemProxy section */

/* Begin PBXFileReference section */
		C8EB651A1AD5BFF100C55373 /* StarWarsDemo.app */ = {isa = PBXFileReference; explicitFileType = wrapper.application; includeInIndex = 0; path = StarWarsDemo.app; sourceTree = BUILT_PRODUCTS_DIR; };
		C8EB651E1AD5BFF100C55373 /* Info.plist */ = {isa = PBXFileReference; lastKnownFileType = text.plist.xml; path = Info.plist; sourceTree = "<group>"; };
		C8EB651F1AD5BFF100C55373 /* AppDelegate.swift */ = {isa = PBXFileReference; lastKnownFileType = sourcecode.swift; path = AppDelegate.swift; sourceTree = "<group>"; };
		C8EB65211AD5BFF100C55373 /* QuotesListViewController.swift */ = {isa = PBXFileReference; lastKnownFileType = sourcecode.swift; path = QuotesListViewController.swift; sourceTree = "<group>"; };
		C8EB65231AD5BFF100C55373 /* DetailViewController.swift */ = {isa = PBXFileReference; lastKnownFileType = sourcecode.swift; path = DetailViewController.swift; sourceTree = "<group>"; };
		C8EB65261AD5BFF100C55373 /* Base */ = {isa = PBXFileReference; lastKnownFileType = file.storyboard; name = Base; path = Base.lproj/Main.storyboard; sourceTree = "<group>"; };
		C8EB65281AD5BFF100C55373 /* Images.xcassets */ = {isa = PBXFileReference; lastKnownFileType = folder.assetcatalog; path = Images.xcassets; sourceTree = "<group>"; };
		C8EB652B1AD5BFF100C55373 /* Base */ = {isa = PBXFileReference; lastKnownFileType = file.xib; name = Base; path = Base.lproj/LaunchScreen.xib; sourceTree = "<group>"; };
		C8EB65311AD5BFF100C55373 /* StarWarsDemoTests.xctest */ = {isa = PBXFileReference; explicitFileType = wrapper.cfbundle; includeInIndex = 0; path = StarWarsDemoTests.xctest; sourceTree = BUILT_PRODUCTS_DIR; };
		C8EB65361AD5BFF100C55373 /* Info.plist */ = {isa = PBXFileReference; lastKnownFileType = text.plist.xml; path = Info.plist; sourceTree = "<group>"; };
		C8EB65371AD5BFF100C55373 /* StarWarsDemoTests.swift */ = {isa = PBXFileReference; lastKnownFileType = sourcecode.swift; path = StarWarsDemoTests.swift; sourceTree = "<group>"; };
		C8EB65411AD5C38300C55373 /* QuotesDataSource.swift */ = {isa = PBXFileReference; fileEncoding = 4; lastKnownFileType = sourcecode.swift; path = QuotesDataSource.swift; sourceTree = "<group>"; };
/* End PBXFileReference section */

/* Begin PBXFrameworksBuildPhase section */
		C8EB65171AD5BFF100C55373 /* Frameworks */ = {
			isa = PBXFrameworksBuildPhase;
			buildActionMask = 2147483647;
			files = (
			);
			runOnlyForDeploymentPostprocessing = 0;
		};
		C8EB652E1AD5BFF100C55373 /* Frameworks */ = {
			isa = PBXFrameworksBuildPhase;
			buildActionMask = 2147483647;
			files = (
			);
			runOnlyForDeploymentPostprocessing = 0;
		};
/* End PBXFrameworksBuildPhase section */

/* Begin PBXGroup section */
		C8EB65111AD5BFF100C55373 = {
			isa = PBXGroup;
			children = (
				C8EB651C1AD5BFF100C55373 /* StarWarsDemo */,
				C8EB65341AD5BFF100C55373 /* StarWarsDemoTests */,
				C8EB651B1AD5BFF100C55373 /* Products */,
			);
			sourceTree = "<group>";
		};
		C8EB651B1AD5BFF100C55373 /* Products */ = {
			isa = PBXGroup;
			children = (
				C8EB651A1AD5BFF100C55373 /* StarWarsDemo.app */,
				C8EB65311AD5BFF100C55373 /* StarWarsDemoTests.xctest */,
			);
			name = Products;
			sourceTree = "<group>";
		};
		C8EB651C1AD5BFF100C55373 /* StarWarsDemo */ = {
			isa = PBXGroup;
			children = (
				C8EB651F1AD5BFF100C55373 /* AppDelegate.swift */,
				C8EB65211AD5BFF100C55373 /* QuotesListViewController.swift */,
				C8EB65411AD5C38300C55373 /* QuotesDataSource.swift */,
				C8EB65231AD5BFF100C55373 /* DetailViewController.swift */,
				C8EB65251AD5BFF100C55373 /* Main.storyboard */,
				C8EB65281AD5BFF100C55373 /* Images.xcassets */,
				C8EB652A1AD5BFF100C55373 /* LaunchScreen.xib */,
				C8EB651D1AD5BFF100C55373 /* Supporting Files */,
			);
			path = StarWarsDemo;
			sourceTree = "<group>";
		};
		C8EB651D1AD5BFF100C55373 /* Supporting Files */ = {
			isa = PBXGroup;
			children = (
				C8EB651E1AD5BFF100C55373 /* Info.plist */,
			);
			name = "Supporting Files";
			sourceTree = "<group>";
		};
		C8EB65341AD5BFF100C55373 /* StarWarsDemoTests */ = {
			isa = PBXGroup;
			children = (
				C8EB65371AD5BFF100C55373 /* StarWarsDemoTests.swift */,
				C8EB65351AD5BFF100C55373 /* Supporting Files */,
			);
			path = StarWarsDemoTests;
			sourceTree = "<group>";
		};
		C8EB65351AD5BFF100C55373 /* Supporting Files */ = {
			isa = PBXGroup;
			children = (
				C8EB65361AD5BFF100C55373 /* Info.plist */,
			);
			name = "Supporting Files";
			sourceTree = "<group>";
		};
/* End PBXGroup section */

/* Begin PBXNativeTarget section */
		C8EB65191AD5BFF100C55373 /* StarWarsDemo */ = {
			isa = PBXNativeTarget;
			buildConfigurationList = C8EB653B1AD5BFF100C55373 /* Build configuration list for PBXNativeTarget "StarWarsDemo" */;
			buildPhases = (
				C8EB65161AD5BFF100C55373 /* Sources */,
				C8EB65171AD5BFF100C55373 /* Frameworks */,
				C8EB65181AD5BFF100C55373 /* Resources */,
			);
			buildRules = (
			);
			dependencies = (
			);
			name = StarWarsDemo;
			productName = StarWarsDemo;
			productReference = C8EB651A1AD5BFF100C55373 /* StarWarsDemo.app */;
			productType = "com.apple.product-type.application";
		};
		C8EB65301AD5BFF100C55373 /* StarWarsDemoTests */ = {
			isa = PBXNativeTarget;
			buildConfigurationList = C8EB653E1AD5BFF100C55373 /* Build configuration list for PBXNativeTarget "StarWarsDemoTests" */;
			buildPhases = (
				C8EB652D1AD5BFF100C55373 /* Sources */,
				C8EB652E1AD5BFF100C55373 /* Frameworks */,
				C8EB652F1AD5BFF100C55373 /* Resources */,
			);
			buildRules = (
			);
			dependencies = (
				C8EB65331AD5BFF100C55373 /* PBXTargetDependency */,
			);
			name = StarWarsDemoTests;
			productName = StarWarsDemoTests;
			productReference = C8EB65311AD5BFF100C55373 /* StarWarsDemoTests.xctest */;
			productType = "com.apple.product-type.bundle.unit-test";
		};
/* End PBXNativeTarget section */

/* Begin PBXProject section */
		C8EB65121AD5BFF100C55373 /* Project object */ = {
			isa = PBXProject;
			attributes = {
				LastSwiftMigration = 0710;
				LastSwiftUpdateCheck = 0710;
				LastUpgradeCheck = 0620;
				ORGANIZATIONNAME = "Pavel Kazantsev";
				TargetAttributes = {
					C8EB65191AD5BFF100C55373 = {
						CreatedOnToolsVersion = 6.2;
					};
					C8EB65301AD5BFF100C55373 = {
						CreatedOnToolsVersion = 6.2;
						TestTargetID = C8EB65191AD5BFF100C55373;
					};
				};
			};
			buildConfigurationList = C8EB65151AD5BFF100C55373 /* Build configuration list for PBXProject "StarWarsDemo" */;
			compatibilityVersion = "Xcode 3.2";
			developmentRegion = English;
			hasScannedForEncodings = 0;
			knownRegions = (
				en,
				Base,
			);
			mainGroup = C8EB65111AD5BFF100C55373;
			productRefGroup = C8EB651B1AD5BFF100C55373 /* Products */;
			projectDirPath = "";
			projectRoot = "";
			targets = (
				C8EB65191AD5BFF100C55373 /* StarWarsDemo */,
				C8EB65301AD5BFF100C55373 /* StarWarsDemoTests */,
			);
		};
/* End PBXProject section */

/* Begin PBXResourcesBuildPhase section */
		C8EB65181AD5BFF100C55373 /* Resources */ = {
			isa = PBXResourcesBuildPhase;
			buildActionMask = 2147483647;
			files = (
				C8EB65271AD5BFF100C55373 /* Main.storyboard in Resources */,
				C8EB652C1AD5BFF100C55373 /* LaunchScreen.xib in Resources */,
				C8EB65291AD5BFF100C55373 /* Images.xcassets in Resources */,
			);
			runOnlyForDeploymentPostprocessing = 0;
		};
		C8EB652F1AD5BFF100C55373 /* Resources */ = {
			isa = PBXResourcesBuildPhase;
			buildActionMask = 2147483647;
			files = (
			);
			runOnlyForDeploymentPostprocessing = 0;
		};
/* End PBXResourcesBuildPhase section */

/* Begin PBXSourcesBuildPhase section */
		C8EB65161AD5BFF100C55373 /* Sources */ = {
			isa = PBXSourcesBuildPhase;
			buildActionMask = 2147483647;
			files = (
				C8EB65241AD5BFF100C55373 /* DetailViewController.swift in Sources */,
				C8EB65421AD5C38300C55373 /* QuotesDataSource.swift in Sources */,
				C8EB65221AD5BFF100C55373 /* QuotesListViewController.swift in Sources */,
				C8EB65201AD5BFF100C55373 /* AppDelegate.swift in Sources */,
			);
			runOnlyForDeploymentPostprocessing = 0;
		};
		C8EB652D1AD5BFF100C55373 /* Sources */ = {
			isa = PBXSourcesBuildPhase;
			buildActionMask = 2147483647;
			files = (
				C8EB65381AD5BFF100C55373 /* StarWarsDemoTests.swift in Sources */,
			);
			runOnlyForDeploymentPostprocessing = 0;
		};
/* End PBXSourcesBuildPhase section */

/* Begin PBXTargetDependency section */
		C8EB65331AD5BFF100C55373 /* PBXTargetDependency */ = {
			isa = PBXTargetDependency;
			target = C8EB65191AD5BFF100C55373 /* StarWarsDemo */;
			targetProxy = C8EB65321AD5BFF100C55373 /* PBXContainerItemProxy */;
		};
/* End PBXTargetDependency section */

/* Begin PBXVariantGroup section */
		C8EB65251AD5BFF100C55373 /* Main.storyboard */ = {
			isa = PBXVariantGroup;
			children = (
				C8EB65261AD5BFF100C55373 /* Base */,
			);
			name = Main.storyboard;
			sourceTree = "<group>";
		};
		C8EB652A1AD5BFF100C55373 /* LaunchScreen.xib */ = {
			isa = PBXVariantGroup;
			children = (
				C8EB652B1AD5BFF100C55373 /* Base */,
			);
			name = LaunchScreen.xib;
			sourceTree = "<group>";
		};
/* End PBXVariantGroup section */

/* Begin XCBuildConfiguration section */
		C8EB65391AD5BFF100C55373 /* Debug */ = {
			isa = XCBuildConfiguration;
			buildSettings = {
				ALWAYS_SEARCH_USER_PATHS = NO;
				CLANG_CXX_LANGUAGE_STANDARD = "gnu++0x";
				CLANG_CXX_LIBRARY = "libc++";
				CLANG_ENABLE_MODULES = YES;
				CLANG_ENABLE_OBJC_ARC = YES;
				CLANG_WARN_BOOL_CONVERSION = YES;
				CLANG_WARN_CONSTANT_CONVERSION = YES;
				CLANG_WARN_DIRECT_OBJC_ISA_USAGE = YES_ERROR;
				CLANG_WARN_EMPTY_BODY = YES;
				CLANG_WARN_ENUM_CONVERSION = YES;
				CLANG_WARN_INT_CONVERSION = YES;
				CLANG_WARN_OBJC_ROOT_CLASS = YES_ERROR;
				CLANG_WARN_UNREACHABLE_CODE = YES;
				CLANG_WARN__DUPLICATE_METHOD_MATCH = YES;
				"CODE_SIGN_IDENTITY[sdk=iphoneos*]" = "iPhone Developer";
				COPY_PHASE_STRIP = NO;
				ENABLE_STRICT_OBJC_MSGSEND = YES;
				GCC_C_LANGUAGE_STANDARD = gnu99;
				GCC_DYNAMIC_NO_PIC = NO;
				GCC_OPTIMIZATION_LEVEL = 0;
				GCC_PREPROCESSOR_DEFINITIONS = (
					"DEBUG=1",
					"$(inherited)",
				);
				GCC_SYMBOLS_PRIVATE_EXTERN = NO;
				GCC_WARN_64_TO_32_BIT_CONVERSION = YES;
				GCC_WARN_ABOUT_RETURN_TYPE = YES_ERROR;
				GCC_WARN_UNDECLARED_SELECTOR = YES;
				GCC_WARN_UNINITIALIZED_AUTOS = YES_AGGRESSIVE;
				GCC_WARN_UNUSED_FUNCTION = YES;
				GCC_WARN_UNUSED_VARIABLE = YES;
				IPHONEOS_DEPLOYMENT_TARGET = 8.2;
				MTL_ENABLE_DEBUG_INFO = YES;
				ONLY_ACTIVE_ARCH = YES;
				SDKROOT = iphoneos;
				SWIFT_OPTIMIZATION_LEVEL = "-Onone";
			};
			name = Debug;
		};
		C8EB653A1AD5BFF100C55373 /* Release */ = {
			isa = XCBuildConfiguration;
			buildSettings = {
				ALWAYS_SEARCH_USER_PATHS = NO;
				CLANG_CXX_LANGUAGE_STANDARD = "gnu++0x";
				CLANG_CXX_LIBRARY = "libc++";
				CLANG_ENABLE_MODULES = YES;
				CLANG_ENABLE_OBJC_ARC = YES;
				CLANG_WARN_BOOL_CONVERSION = YES;
				CLANG_WARN_CONSTANT_CONVERSION = YES;
				CLANG_WARN_DIRECT_OBJC_ISA_USAGE = YES_ERROR;
				CLANG_WARN_EMPTY_BODY = YES;
				CLANG_WARN_ENUM_CONVERSION = YES;
				CLANG_WARN_INT_CONVERSION = YES;
				CLANG_WARN_OBJC_ROOT_CLASS = YES_ERROR;
				CLANG_WARN_UNREACHABLE_CODE = YES;
				CLANG_WARN__DUPLICATE_METHOD_MATCH = YES;
				"CODE_SIGN_IDENTITY[sdk=iphoneos*]" = "iPhone Developer";
				COPY_PHASE_STRIP = NO;
				ENABLE_NS_ASSERTIONS = NO;
				ENABLE_STRICT_OBJC_MSGSEND = YES;
				GCC_C_LANGUAGE_STANDARD = gnu99;
				GCC_WARN_64_TO_32_BIT_CONVERSION = YES;
				GCC_WARN_ABOUT_RETURN_TYPE = YES_ERROR;
				GCC_WARN_UNDECLARED_SELECTOR = YES;
				GCC_WARN_UNINITIALIZED_AUTOS = YES_AGGRESSIVE;
				GCC_WARN_UNUSED_FUNCTION = YES;
				GCC_WARN_UNUSED_VARIABLE = YES;
				IPHONEOS_DEPLOYMENT_TARGET = 8.2;
				MTL_ENABLE_DEBUG_INFO = NO;
				SDKROOT = iphoneos;
				VALIDATE_PRODUCT = YES;
			};
			name = Release;
		};
		C8EB653C1AD5BFF100C55373 /* Debug */ = {
			isa = XCBuildConfiguration;
			buildSettings = {
				ASSETCATALOG_COMPILER_APPICON_NAME = AppIcon;
				INFOPLIST_FILE = StarWarsDemo/Info.plist;
				LD_RUNPATH_SEARCH_PATHS = "$(inherited) @executable_path/Frameworks";
				PRODUCT_NAME = "$(TARGET_NAME)";
			};
			name = Debug;
		};
		C8EB653D1AD5BFF100C55373 /* Release */ = {
			isa = XCBuildConfiguration;
			buildSettings = {
				ASSETCATALOG_COMPILER_APPICON_NAME = AppIcon;
				INFOPLIST_FILE = StarWarsDemo/Info.plist;
				LD_RUNPATH_SEARCH_PATHS = "$(inherited) @executable_path/Frameworks";
				PRODUCT_NAME = "$(TARGET_NAME)";
			};
			name = Release;
		};
		C8EB653F1AD5BFF100C55373 /* Debug */ = {
			isa = XCBuildConfiguration;
			buildSettings = {
				BUNDLE_LOADER = "$(TEST_HOST)";
				FRAMEWORK_SEARCH_PATHS = (
					"$(SDKROOT)/Developer/Library/Frameworks",
					"$(inherited)",
				);
				GCC_PREPROCESSOR_DEFINITIONS = (
					"DEBUG=1",
					"$(inherited)",
				);
				INFOPLIST_FILE = StarWarsDemoTests/Info.plist;
				LD_RUNPATH_SEARCH_PATHS = "$(inherited) @executable_path/Frameworks @loader_path/Frameworks";
				PRODUCT_NAME = "$(TARGET_NAME)";
				TEST_HOST = "$(BUILT_PRODUCTS_DIR)/StarWarsDemo.app/StarWarsDemo";
			};
			name = Debug;
		};
		C8EB65401AD5BFF100C55373 /* Release */ = {
			isa = XCBuildConfiguration;
			buildSettings = {
				BUNDLE_LOADER = "$(TEST_HOST)";
				FRAMEWORK_SEARCH_PATHS = (
					"$(SDKROOT)/Developer/Library/Frameworks",
					"$(inherited)",
				);
				INFOPLIST_FILE = StarWarsDemoTests/Info.plist;
				LD_RUNPATH_SEARCH_PATHS = "$(inherited) @executable_path/Frameworks @loader_path/Frameworks";
				PRODUCT_NAME = "$(TARGET_NAME)";
				TEST_HOST = "$(BUILT_PRODUCTS_DIR)/StarWarsDemo.app/StarWarsDemo";
			};
			name = Release;
		};
/* End XCBuildConfiguration section */

/* Begin XCConfigurationList section */
		C8EB65151AD5BFF100C55373 /* Build configuration list for PBXProject "StarWarsDemo" */ = {
			isa = XCConfigurationList;
			buildConfigurations = (
				C8EB65391AD5BFF100C55373 /* Debug */,
				C8EB653A1AD5BFF100C55373 /* Release */,
			);
			defaultConfigurationIsVisible = 0;
			defaultConfigurationName = Release;
		};
		C8EB653B1AD5BFF100C55373 /* Build configuration list for PBXNativeTarget "StarWarsDemo" */ = {
			isa = XCConfigurationList;
			buildConfigurations = (
				C8EB653C1AD5BFF100C55373 /* Debug */,
				C8EB653D1AD5BFF100C55373 /* Release */,
			);
			defaultConfigurationIsVisible = 0;
			defaultConfigurationName = Release;
		};
		C8EB653E1AD5BFF100C55373 /* Build configuration list for PBXNativeTarget "StarWarsDemoTests" */ = {
			isa = XCConfigurationList;
			buildConfigurations = (
				C8EB653F1AD5BFF100C55373 /* Debug */,
				C8EB65401AD5BFF100C55373 /* Release */,
			);
			defaultConfigurationIsVisible = 0;
			defaultConfigurationName = Release;
		};
/* End XCConfigurationList section */
	};
	rootObject = C8EB65121AD5BFF100C55373 /* Project object */;
}
